{
  "name": "question-3",
  "version": "1.0.0",
  "lockfileVersion": 3,
  "requires": true,
  "packages": {
    "": {
      "name": "question-3",
      "version": "1.0.0",
      "license": "ISC",
      "dependencies": {
        "Express": "^3.0.1",
        "fs": "^0.0.1-security"
      }
    },
    "node_modules/Express": {
      "version": "3.0.1",
      "resolved": "https://registry.npmjs.org/Express/-/Express-3.0.1.tgz",
      "integrity": "sha512-T8VnUAU1Kjm6wRidtZVjpCYGuSY9IXEYatng3QQ2Q7QQfDoo+tNeJFucDaZ79V4babYWarc4VkKsipC9x2EFlQ==",
      "deprecated": "Package unsupported. Please use the express package (all lowercase) instead.",
      "license": "ISC"
    },
    "node_modules/fs": {
      "version": "0.0.1-security",
      "resolved": "https://registry.npmjs.org/fs/-/fs-0.0.1-security.tgz",
      "integrity": "sha512-3XY9e1pP0CVEUCdj5BmfIZxRBTSDycnbqhIOGec9QYtmVH2fbLpj86CFWkrNOkt/Fvty4KZG5lTglL9j/gJ87w==",
      "license": "ISC"
    }
  }
}
